{
  "name": "wdyr-webpack-plugin",
  "version": "0.1.0",
  "lockfileVersion": 1,
  "requires": true,
  "dependencies": {
    "@welldone-software/why-did-you-render": {
      "version": "6.2.3",
      "resolved": "https://registry.npmjs.org/@welldone-software/why-did-you-render/-/why-did-you-render-6.2.3.tgz",
      "integrity": "sha512-FQgi90jvC9uw2aALlonJfqaWOvU5UUBBVvdAnS2iryXwCc4YJkKsPJY5Y/LzaND3OIyk8XGUn1vTRn6hcem28Q==",
      "requires": {
        "lodash": "^4"
      }
    },
    "lodash": {
      "version": "4.17.21",
      "resolved": "https://registry.npmjs.org/lodash/-/lodash-4.17.21.tgz",
      "integrity": "sha512-v2kDEe57lecTulaDIuNTPy3Ry4gLGJ6Z1O3vE1krgXZNrsQ+LFTGHVxVjcXPs17LhbZVGedAJv8XZ1tvj5FvSg=="
    }
  }
}
